// !$*UTF8*$!
{
	archiveVersion = 1;
	classes = {
	};
	objectVersion = 55;
	objects = {

/* Begin PBXBuildFile section */
		DA73DD2227BBB87D00E117C3 /* Mini Vending Machine WatchKit App.app in Embed Watch Content */ = {isa = PBXBuildFile; fileRef = DA73DD2127BBB87D00E117C3 /* Mini Vending Machine WatchKit App.app */; settings = {ATTRIBUTES = (RemoveHeadersOnCopy, ); }; };
		DA73DD2727BBB87E00E117C3 /* Assets.xcassets in Resources */ = {isa = PBXBuildFile; fileRef = DA73DD2627BBB87E00E117C3 /* Assets.xcassets */; };
		DA73DD2D27BBB87E00E117C3 /* Mini Vending Machine WatchKit Extension.appex in Embed App Extensions */ = {isa = PBXBuildFile; fileRef = DA73DD2C27BBB87E00E117C3 /* Mini Vending Machine WatchKit Extension.appex */; settings = {ATTRIBUTES = (RemoveHeadersOnCopy, ); }; };
		DA73DD3227BBB87E00E117C3 /* ContentView.swift in Sources */ = {isa = PBXBuildFile; fileRef = DA73DD3127BBB87E00E117C3 /* ContentView.swift */; };
		DA73DD3427BBB87E00E117C3 /* MiniVendingMachineApp.swift in Sources */ = {isa = PBXBuildFile; fileRef = DA73DD3327BBB87E00E117C3 /* MiniVendingMachineApp.swift */; };
		DA73DD3827BBB87E00E117C3 /* Assets.xcassets in Resources */ = {isa = PBXBuildFile; fileRef = DA73DD3727BBB87E00E117C3 /* Assets.xcassets */; };
		DA73DD3B27BBB87E00E117C3 /* Preview Assets.xcassets in Resources */ = {isa = PBXBuildFile; fileRef = DA73DD3A27BBB87E00E117C3 /* Preview Assets.xcassets */; };
/* End PBXBuildFile section */

/* Begin PBXContainerItemProxy section */
		DA73DD2327BBB87D00E117C3 /* PBXContainerItemProxy */ = {
			isa = PBXContainerItemProxy;
			containerPortal = DA73DD1727BBB87D00E117C3 /* Project object */;
			proxyType = 1;
			remoteGlobalIDString = DA73DD2027BBB87D00E117C3;
			remoteInfo = "Mini Vending Machine WatchKit App";
		};
		DA73DD2E27BBB87E00E117C3 /* PBXContainerItemProxy */ = {
			isa = PBXContainerItemProxy;
			containerPortal = DA73DD1727BBB87D00E117C3 /* Project object */;
			proxyType = 1;
			remoteGlobalIDString = DA73DD2B27BBB87E00E117C3;
			remoteInfo = "Mini Vending Machine WatchKit Extension";
		};
/* End PBXContainerItemProxy section */

/* Begin PBXCopyFilesBuildPhase section */
		DA73DD4227BBB87E00E117C3 /* Embed App Extensions */ = {
			isa = PBXCopyFilesBuildPhase;
			buildActionMask = 2147483647;
			dstPath = "";
			dstSubfolderSpec = 13;
			files = (
				DA73DD2D27BBB87E00E117C3 /* Mini Vending Machine WatchKit Extension.appex in Embed App Extensions */,
			);
			name = "Embed App Extensions";
			runOnlyForDeploymentPostprocessing = 0;
		};
		DA73DD4627BBB87E00E117C3 /* Embed Watch Content */ = {
			isa = PBXCopyFilesBuildPhase;
			buildActionMask = 2147483647;
			dstPath = "$(CONTENTS_FOLDER_PATH)/Watch";
			dstSubfolderSpec = 16;
			files = (
				DA73DD2227BBB87D00E117C3 /* Mini Vending Machine WatchKit App.app in Embed Watch Content */,
			);
			name = "Embed Watch Content";
			runOnlyForDeploymentPostprocessing = 0;
		};
/* End PBXCopyFilesBuildPhase section */

/* Begin PBXFileReference section */
		DA73DD1D27BBB87D00E117C3 /* Mini Vending Machine.app */ = {isa = PBXFileReference; explicitFileType = wrapper.application; includeInIndex = 0; path = "Mini Vending Machine.app"; sourceTree = BUILT_PRODUCTS_DIR; };
		DA73DD2127BBB87D00E117C3 /* Mini Vending Machine WatchKit App.app */ = {isa = PBXFileReference; explicitFileType = wrapper.application; includeInIndex = 0; path = "Mini Vending Machine WatchKit App.app"; sourceTree = BUILT_PRODUCTS_DIR; };
		DA73DD2627BBB87E00E117C3 /* Assets.xcassets */ = {isa = PBXFileReference; lastKnownFileType = folder.assetcatalog; path = Assets.xcassets; sourceTree = "<group>"; };
		DA73DD2C27BBB87E00E117C3 /* Mini Vending Machine WatchKit Extension.appex */ = {isa = PBXFileReference; explicitFileType = "wrapper.app-extension"; includeInIndex = 0; path = "Mini Vending Machine WatchKit Extension.appex"; sourceTree = BUILT_PRODUCTS_DIR; };
		DA73DD3127BBB87E00E117C3 /* ContentView.swift */ = {isa = PBXFileReference; lastKnownFileType = sourcecode.swift; path = ContentView.swift; sourceTree = "<group>"; };
		DA73DD3327BBB87E00E117C3 /* MiniVendingMachineApp.swift */ = {isa = PBXFileReference; lastKnownFileType = sourcecode.swift; path = MiniVendingMachineApp.swift; sourceTree = "<group>"; };
		DA73DD3727BBB87E00E117C3 /* Assets.xcassets */ = {isa = PBXFileReference; lastKnownFileType = folder.assetcatalog; path = Assets.xcassets; sourceTree = "<group>"; };
		DA73DD3A27BBB87E00E117C3 /* Preview Assets.xcassets */ = {isa = PBXFileReference; lastKnownFileType = folder.assetcatalog; path = "Preview Assets.xcassets"; sourceTree = "<group>"; };
		DA73DD3C27BBB87E00E117C3 /* Info.plist */ = {isa = PBXFileReference; lastKnownFileType = text.plist.xml; path = Info.plist; sourceTree = "<group>"; };
/* End PBXFileReference section */

/* Begin PBXFrameworksBuildPhase section */
		DA73DD2927BBB87E00E117C3 /* Frameworks */ = {
			isa = PBXFrameworksBuildPhase;
			buildActionMask = 2147483647;
			files = (
			);
			runOnlyForDeploymentPostprocessing = 0;
		};
/* End PBXFrameworksBuildPhase section */

/* Begin PBXGroup section */
		DA73DD1627BBB87D00E117C3 = {
			isa = PBXGroup;
			children = (
				DA73DD2527BBB87D00E117C3 /* Mini Vending Machine WatchKit App */,
				DA73DD3027BBB87E00E117C3 /* Mini Vending Machine WatchKit Extension */,
				DA73DD1E27BBB87D00E117C3 /* Products */,
			);
			sourceTree = "<group>";
		};
		DA73DD1E27BBB87D00E117C3 /* Products */ = {
			isa = PBXGroup;
			children = (
				DA73DD1D27BBB87D00E117C3 /* Mini Vending Machine.app */,
				DA73DD2127BBB87D00E117C3 /* Mini Vending Machine WatchKit App.app */,
				DA73DD2C27BBB87E00E117C3 /* Mini Vending Machine WatchKit Extension.appex */,
			);
			name = Products;
			sourceTree = "<group>";
		};
		DA73DD2527BBB87D00E117C3 /* Mini Vending Machine WatchKit App */ = {
			isa = PBXGroup;
			children = (
				DA73DD2627BBB87E00E117C3 /* Assets.xcassets */,
			);
			path = "Mini Vending Machine WatchKit App";
			sourceTree = "<group>";
		};
		DA73DD3027BBB87E00E117C3 /* Mini Vending Machine WatchKit Extension */ = {
			isa = PBXGroup;
			children = (
				DA73DD3127BBB87E00E117C3 /* ContentView.swift */,
				DA73DD3327BBB87E00E117C3 /* MiniVendingMachineApp.swift */,
				DA73DD3727BBB87E00E117C3 /* Assets.xcassets */,
				DA73DD3C27BBB87E00E117C3 /* Info.plist */,
				DA73DD3927BBB87E00E117C3 /* Preview Content */,
			);
			path = "Mini Vending Machine WatchKit Extension";
			sourceTree = "<group>";
		};
		DA73DD3927BBB87E00E117C3 /* Preview Content */ = {
			isa = PBXGroup;
			children = (
				DA73DD3A27BBB87E00E117C3 /* Preview Assets.xcassets */,
			);
			path = "Preview Content";
			sourceTree = "<group>";
		};
/* End PBXGroup section */

/* Begin PBXNativeTarget section */
		DA73DD1C27BBB87D00E117C3 /* Mini Vending Machine */ = {
			isa = PBXNativeTarget;
			buildConfigurationList = DA73DD4727BBB87E00E117C3 /* Build configuration list for PBXNativeTarget "Mini Vending Machine" */;
			buildPhases = (
				DA73DD1B27BBB87D00E117C3 /* Resources */,
				DA73DD4627BBB87E00E117C3 /* Embed Watch Content */,
			);
			buildRules = (
			);
			dependencies = (
				DA73DD2427BBB87D00E117C3 /* PBXTargetDependency */,
			);
			name = "Mini Vending Machine";
			productName = "Mini Vending Machine";
			productReference = DA73DD1D27BBB87D00E117C3 /* Mini Vending Machine.app */;
			productType = "com.apple.product-type.application.watchapp2-container";
		};
		DA73DD2027BBB87D00E117C3 /* Mini Vending Machine WatchKit App */ = {
			isa = PBXNativeTarget;
			buildConfigurationList = DA73DD4327BBB87E00E117C3 /* Build configuration list for PBXNativeTarget "Mini Vending Machine WatchKit App" */;
			buildPhases = (
				DA73DD1F27BBB87D00E117C3 /* Resources */,
				DA73DD4227BBB87E00E117C3 /* Embed App Extensions */,
			);
			buildRules = (
			);
			dependencies = (
				DA73DD2F27BBB87E00E117C3 /* PBXTargetDependency */,
			);
			name = "Mini Vending Machine WatchKit App";
			productName = "Mini Vending Machine WatchKit App";
			productReference = DA73DD2127BBB87D00E117C3 /* Mini Vending Machine WatchKit App.app */;
			productType = "com.apple.product-type.application.watchapp2";
		};
		DA73DD2B27BBB87E00E117C3 /* Mini Vending Machine WatchKit Extension */ = {
			isa = PBXNativeTarget;
			buildConfigurationList = DA73DD3F27BBB87E00E117C3 /* Build configuration list for PBXNativeTarget "Mini Vending Machine WatchKit Extension" */;
			buildPhases = (
				DA73DD2827BBB87E00E117C3 /* Sources */,
				DA73DD2927BBB87E00E117C3 /* Frameworks */,
				DA73DD2A27BBB87E00E117C3 /* Resources */,
			);
			buildRules = (
			);
			dependencies = (
			);
			name = "Mini Vending Machine WatchKit Extension";
			productName = "Mini Vending Machine WatchKit Extension";
			productReference = DA73DD2C27BBB87E00E117C3 /* Mini Vending Machine WatchKit Extension.appex */;
			productType = "com.apple.product-type.watchkit2-extension";
		};
/* End PBXNativeTarget section */

/* Begin PBXProject section */
		DA73DD1727BBB87D00E117C3 /* Project object */ = {
			isa = PBXProject;
			attributes = {
				BuildIndependentTargetsInParallel = 1;
				LastSwiftUpdateCheck = 1320;
				LastUpgradeCheck = 1320;
				TargetAttributes = {
					DA73DD1C27BBB87D00E117C3 = {
						CreatedOnToolsVersion = 13.2.1;
					};
					DA73DD2027BBB87D00E117C3 = {
						CreatedOnToolsVersion = 13.2.1;
					};
					DA73DD2B27BBB87E00E117C3 = {
						CreatedOnToolsVersion = 13.2.1;
					};
				};
			};
			buildConfigurationList = DA73DD1A27BBB87D00E117C3 /* Build configuration list for PBXProject "Mini Vending Machine" */;
			compatibilityVersion = "Xcode 13.0";
			developmentRegion = en;
			hasScannedForEncodings = 0;
			knownRegions = (
				en,
				Base,
			);
			mainGroup = DA73DD1627BBB87D00E117C3;
			productRefGroup = DA73DD1E27BBB87D00E117C3 /* Products */;
			projectDirPath = "";
			projectRoot = "";
			targets = (
				DA73DD1C27BBB87D00E117C3 /* Mini Vending Machine */,
				DA73DD2027BBB87D00E117C3 /* Mini Vending Machine WatchKit App */,
				DA73DD2B27BBB87E00E117C3 /* Mini Vending Machine WatchKit Extension */,
			);
		};
/* End PBXProject section */

/* Begin PBXResourcesBuildPhase section */
		DA73DD1B27BBB87D00E117C3 /* Resources */ = {
			isa = PBXResourcesBuildPhase;
			buildActionMask = 2147483647;
			files = (
			);
			runOnlyForDeploymentPostprocessing = 0;
		};
		DA73DD1F27BBB87D00E117C3 /* Resources */ = {
			isa = PBXResourcesBuildPhase;
			buildActionMask = 2147483647;
			files = (
				DA73DD2727BBB87E00E117C3 /* Assets.xcassets in Resources */,
			);
			runOnlyForDeploymentPostprocessing = 0;
		};
		DA73DD2A27BBB87E00E117C3 /* Resources */ = {
			isa = PBXResourcesBuildPhase;
			buildActionMask = 2147483647;
			files = (
				DA73DD3B27BBB87E00E117C3 /* Preview Assets.xcassets in Resources */,
				DA73DD3827BBB87E00E117C3 /* Assets.xcassets in Resources */,
			);
			runOnlyForDeploymentPostprocessing = 0;
		};
/* End PBXResourcesBuildPhase section */

/* Begin PBXSourcesBuildPhase section */
		DA73DD2827BBB87E00E117C3 /* Sources */ = {
			isa = PBXSourcesBuildPhase;
			buildActionMask = 2147483647;
			files = (
				DA73DD3427BBB87E00E117C3 /* MiniVendingMachineApp.swift in Sources */,
				DA73DD3227BBB87E00E117C3 /* ContentView.swift in Sources */,
			);
			runOnlyForDeploymentPostprocessing = 0;
		};
/* End PBXSourcesBuildPhase section */

/* Begin PBXTargetDependency section */
		DA73DD2427BBB87D00E117C3 /* PBXTargetDependency */ = {
			isa = PBXTargetDependency;
			target = DA73DD2027BBB87D00E117C3 /* Mini Vending Machine WatchKit App */;
			targetProxy = DA73DD2327BBB87D00E117C3 /* PBXContainerItemProxy */;
		};
		DA73DD2F27BBB87E00E117C3 /* PBXTargetDependency */ = {
			isa = PBXTargetDependency;
			target = DA73DD2B27BBB87E00E117C3 /* Mini Vending Machine WatchKit Extension */;
			targetProxy = DA73DD2E27BBB87E00E117C3 /* PBXContainerItemProxy */;
		};
/* End PBXTargetDependency section */

/* Begin XCBuildConfiguration section */
		DA73DD3D27BBB87E00E117C3 /* Debug */ = {
			isa = XCBuildConfiguration;
			buildSettings = {
				ALWAYS_SEARCH_USER_PATHS = NO;
				CLANG_ANALYZER_NONNULL = YES;
				CLANG_ANALYZER_NUMBER_OBJECT_CONVERSION = YES_AGGRESSIVE;
				CLANG_CXX_LANGUAGE_STANDARD = "gnu++17";
				CLANG_CXX_LIBRARY = "libc++";
				CLANG_ENABLE_MODULES = YES;
				CLANG_ENABLE_OBJC_ARC = YES;
				CLANG_ENABLE_OBJC_WEAK = YES;
				CLANG_WARN_BLOCK_CAPTURE_AUTORELEASING = YES;
				CLANG_WARN_BOOL_CONVERSION = YES;
				CLANG_WARN_COMMA = YES;
				CLANG_WARN_CONSTANT_CONVERSION = YES;
				CLANG_WARN_DEPRECATED_OBJC_IMPLEMENTATIONS = YES;
				CLANG_WARN_DIRECT_OBJC_ISA_USAGE = YES_ERROR;
				CLANG_WARN_DOCUMENTATION_COMMENTS = YES;
				CLANG_WARN_EMPTY_BODY = YES;
				CLANG_WARN_ENUM_CONVERSION = YES;
				CLANG_WARN_INFINITE_RECURSION = YES;
				CLANG_WARN_INT_CONVERSION = YES;
				CLANG_WARN_NON_LITERAL_NULL_CONVERSION = YES;
				CLANG_WARN_OBJC_IMPLICIT_RETAIN_SELF = YES;
				CLANG_WARN_OBJC_LITERAL_CONVERSION = YES;
				CLANG_WARN_OBJC_ROOT_CLASS = YES_ERROR;
				CLANG_WARN_QUOTED_INCLUDE_IN_FRAMEWORK_HEADER = YES;
				CLANG_WARN_RANGE_LOOP_ANALYSIS = YES;
				CLANG_WARN_STRICT_PROTOTYPES = YES;
				CLANG_WARN_SUSPICIOUS_MOVE = YES;
				CLANG_WARN_UNGUARDED_AVAILABILITY = YES_AGGRESSIVE;
				CLANG_WARN_UNREACHABLE_CODE = YES;
				CLANG_WARN__DUPLICATE_METHOD_MATCH = YES;
				COPY_PHASE_STRIP = NO;
				DEBUG_INFORMATION_FORMAT = dwarf;
				ENABLE_STRICT_OBJC_MSGSEND = YES;
				ENABLE_TESTABILITY = YES;
				GCC_C_LANGUAGE_STANDARD = gnu11;
				GCC_DYNAMIC_NO_PIC = NO;
				GCC_NO_COMMON_BLOCKS = YES;
				GCC_OPTIMIZATION_LEVEL = 0;
				GCC_PREPROCESSOR_DEFINITIONS = (
					"DEBUG=1",
					"$(inherited)",
				);
				GCC_WARN_64_TO_32_BIT_CONVERSION = YES;
				GCC_WARN_ABOUT_RETURN_TYPE = YES_ERROR;
				GCC_WARN_UNDECLARED_SELECTOR = YES;
				GCC_WARN_UNINITIALIZED_AUTOS = YES_AGGRESSIVE;
				GCC_WARN_UNUSED_FUNCTION = YES;
				GCC_WARN_UNUSED_VARIABLE = YES;
				MTL_ENABLE_DEBUG_INFO = INCLUDE_SOURCE;
				MTL_FAST_MATH = YES;
				ONLY_ACTIVE_ARCH = YES;
				SDKROOT = iphoneos;
				SWIFT_ACTIVE_COMPILATION_CONDITIONS = DEBUG;
				SWIFT_OPTIMIZATION_LEVEL = "-Onone";
			};
			name = Debug;
		};
		DA73DD3E27BBB87E00E117C3 /* Release */ = {
			isa = XCBuildConfiguration;
			buildSettings = {
				ALWAYS_SEARCH_USER_PATHS = NO;
				CLANG_ANALYZER_NONNULL = YES;
				CLANG_ANALYZER_NUMBER_OBJECT_CONVERSION = YES_AGGRESSIVE;
				CLANG_CXX_LANGUAGE_STANDARD = "gnu++17";
				CLANG_CXX_LIBRARY = "libc++";
				CLANG_ENABLE_MODULES = YES;
				CLANG_ENABLE_OBJC_ARC = YES;
				CLANG_ENABLE_OBJC_WEAK = YES;
				CLANG_WARN_BLOCK_CAPTURE_AUTORELEASING = YES;
				CLANG_WARN_BOOL_CONVERSION = YES;
				CLANG_WARN_COMMA = YES;
				CLANG_WARN_CONSTANT_CONVERSION = YES;
				CLANG_WARN_DEPRECATED_OBJC_IMPLEMENTATIONS = YES;
				CLANG_WARN_DIRECT_OBJC_ISA_USAGE = YES_ERROR;
				CLANG_WARN_DOCUMENTATION_COMMENTS = YES;
				CLANG_WARN_EMPTY_BODY = YES;
				CLANG_WARN_ENUM_CONVERSION = YES;
				CLANG_WARN_INFINITE_RECURSION = YES;
				CLANG_WARN_INT_CONVERSION = YES;
				CLANG_WARN_NON_LITERAL_NULL_CONVERSION = YES;
				CLANG_WARN_OBJC_IMPLICIT_RETAIN_SELF = YES;
				CLANG_WARN_OBJC_LITERAL_CONVERSION = YES;
				CLANG_WARN_OBJC_ROOT_CLASS = YES_ERROR;
				CLANG_WARN_QUOTED_INCLUDE_IN_FRAMEWORK_HEADER = YES;
				CLANG_WARN_RANGE_LOOP_ANALYSIS = YES;
				CLANG_WARN_STRICT_PROTOTYPES = YES;
				CLANG_WARN_SUSPICIOUS_MOVE = YES;
				CLANG_WARN_UNGUARDED_AVAILABILITY = YES_AGGRESSIVE;
				CLANG_WARN_UNREACHABLE_CODE = YES;
				CLANG_WARN__DUPLICATE_METHOD_MATCH = YES;
				COPY_PHASE_STRIP = NO;
				DEBUG_INFORMATION_FORMAT = "dwarf-with-dsym";
				ENABLE_NS_ASSERTIONS = NO;
				ENABLE_STRICT_OBJC_MSGSEND = YES;
				GCC_C_LANGUAGE_STANDARD = gnu11;
				GCC_NO_COMMON_BLOCKS = YES;
				GCC_WARN_64_TO_32_BIT_CONVERSION = YES;
				GCC_WARN_ABOUT_RETURN_TYPE = YES_ERROR;
				GCC_WARN_UNDECLARED_SELECTOR = YES;
				GCC_WARN_UNINITIALIZED_AUTOS = YES_AGGRESSIVE;
				GCC_WARN_UNUSED_FUNCTION = YES;
				GCC_WARN_UNUSED_VARIABLE = YES;
				MTL_ENABLE_DEBUG_INFO = NO;
				MTL_FAST_MATH = YES;
				SDKROOT = iphoneos;
				SWIFT_COMPILATION_MODE = wholemodule;
				SWIFT_OPTIMIZATION_LEVEL = "-O";
				VALIDATE_PRODUCT = YES;
			};
			name = Release;
		};
		DA73DD4027BBB87E00E117C3 /* Debug */ = {
			isa = XCBuildConfiguration;
			buildSettings = {
				ASSETCATALOG_COMPILER_COMPLICATION_NAME = Complication;
				CODE_SIGN_STYLE = Automatic;
				CURRENT_PROJECT_VERSION = 1;
				DEVELOPMENT_ASSET_PATHS = "\"Mini Vending Machine WatchKit Extension/Preview Content\"";
				DEVELOPMENT_TEAM = QR6NCKN8AB;
				ENABLE_PREVIEWS = YES;
				GENERATE_INFOPLIST_FILE = YES;
				INFOPLIST_FILE = "Mini Vending Machine WatchKit Extension/Info.plist";
				INFOPLIST_KEY_CFBundleDisplayName = "Mini Vending Machine WatchKit Extension";
				INFOPLIST_KEY_NSHumanReadableCopyright = "";
				INFOPLIST_KEY_WKWatchOnly = YES;
				LD_RUNPATH_SEARCH_PATHS = (
					"$(inherited)",
					"@executable_path/Frameworks",
					"@executable_path/../../Frameworks",
				);
				MARKETING_VERSION = 1.0;
				PRODUCT_BUNDLE_IDENTIFIER = "com.cghtest.Mini-Vending-Machine.watchkitapp.watchkitextension";
				PRODUCT_NAME = "${TARGET_NAME}";
				SDKROOT = watchos;
				SKIP_INSTALL = YES;
				SWIFT_EMIT_LOC_STRINGS = YES;
				SWIFT_VERSION = 5.0;
				TARGETED_DEVICE_FAMILY = 4;
				WATCHOS_DEPLOYMENT_TARGET = 8.3;
			};
			name = Debug;
		};
		DA73DD4127BBB87E00E117C3 /* Release */ = {
			isa = XCBuildConfiguration;
			buildSettings = {
				ASSETCATALOG_COMPILER_COMPLICATION_NAME = Complication;
				CODE_SIGN_STYLE = Automatic;
				CURRENT_PROJECT_VERSION = 1;
				DEVELOPMENT_ASSET_PATHS = "\"Mini Vending Machine WatchKit Extension/Preview Content\"";
				DEVELOPMENT_TEAM = QR6NCKN8AB;
				ENABLE_PREVIEWS = YES;
				GENERATE_INFOPLIST_FILE = YES;
				INFOPLIST_FILE = "Mini Vending Machine WatchKit Extension/Info.plist";
				INFOPLIST_KEY_CFBundleDisplayName = "Mini Vending Machine WatchKit Extension";
				INFOPLIST_KEY_NSHumanReadableCopyright = "";
				INFOPLIST_KEY_WKWatchOnly = YES;
				LD_RUNPATH_SEARCH_PATHS = (
					"$(inherited)",
					"@executable_path/Frameworks",
					"@executable_path/../../Frameworks",
				);
				MARKETING_VERSION = 1.0;
				PRODUCT_BUNDLE_IDENTIFIER = "com.cghtest.Mini-Vending-Machine.watchkitapp.watchkitextension";
				PRODUCT_NAME = "${TARGET_NAME}";
				SDKROOT = watchos;
				SKIP_INSTALL = YES;
				SWIFT_EMIT_LOC_STRINGS = YES;
				SWIFT_VERSION = 5.0;
				TARGETED_DEVICE_FAMILY = 4;
				WATCHOS_DEPLOYMENT_TARGET = 8.3;
			};
			name = Release;
		};
		DA73DD4427BBB87E00E117C3 /* Debug */ = {
			isa = XCBuildConfiguration;
			buildSettings = {
				ALWAYS_EMBED_SWIFT_STANDARD_LIBRARIES = YES;
				ASSETCATALOG_COMPILER_APPICON_NAME = AppIcon;
				ASSETCATALOG_COMPILER_GLOBAL_ACCENT_COLOR_NAME = AccentColor;
				CODE_SIGN_STYLE = Automatic;
				CURRENT_PROJECT_VERSION = 1;
				DEVELOPMENT_TEAM = QR6NCKN8AB;
				GENERATE_INFOPLIST_FILE = YES;
				IBSC_MODULE = Mini_Vending_Machine_WatchKit_Extension;
				INFOPLIST_KEY_CFBundleDisplayName = "Mini Vending Machine WatchKit App";
				INFOPLIST_KEY_UISupportedInterfaceOrientations = "UIInterfaceOrientationPortrait UIInterfaceOrientationPortraitUpsideDown";
				MARKETING_VERSION = 1.0;
				PRODUCT_BUNDLE_IDENTIFIER = "com.cghtest.Mini-Vending-Machine.watchkitapp";
				PRODUCT_NAME = "$(TARGET_NAME)";
				SDKROOT = watchos;
				SKIP_INSTALL = YES;
				SWIFT_EMIT_LOC_STRINGS = YES;
				SWIFT_VERSION = 5.0;
				TARGETED_DEVICE_FAMILY = 4;
				WATCHOS_DEPLOYMENT_TARGET = 8.3;
			};
			name = Debug;
		};
		DA73DD4527BBB87E00E117C3 /* Release */ = {
			isa = XCBuildConfiguration;
			buildSettings = {
				ALWAYS_EMBED_SWIFT_STANDARD_LIBRARIES = YES;
				ASSETCATALOG_COMPILER_APPICON_NAME = AppIcon;
				ASSETCATALOG_COMPILER_GLOBAL_ACCENT_COLOR_NAME = AccentColor;
				CODE_SIGN_STYLE = Automatic;
				CURRENT_PROJECT_VERSION = 1;
				DEVELOPMENT_TEAM = QR6NCKN8AB;
				GENERATE_INFOPLIST_FILE = YES;
				IBSC_MODULE = Mini_Vending_Machine_WatchKit_Extension;
				INFOPLIST_KEY_CFBundleDisplayName = "Mini Vending Machine WatchKit App";
				INFOPLIST_KEY_UISupportedInterfaceOrientations = "UIInterfaceOrientationPortrait UIInterfaceOrientationPortraitUpsideDown";
				MARKETING_VERSION = 1.0;
				PRODUCT_BUNDLE_IDENTIFIER = "com.cghtest.Mini-Vending-Machine.watchkitapp";
				PRODUCT_NAME = "$(TARGET_NAME)";
				SDKROOT = watchos;
				SKIP_INSTALL = YES;
				SWIFT_EMIT_LOC_STRINGS = YES;
				SWIFT_VERSION = 5.0;
				TARGETED_DEVICE_FAMILY = 4;
				WATCHOS_DEPLOYMENT_TARGET = 8.3;
			};
			name = Release;
		};
		DA73DD4827BBB87E00E117C3 /* Debug */ = {
			isa = XCBuildConfiguration;
			buildSettings = {
				CODE_SIGN_STYLE = Automatic;
				CURRENT_PROJECT_VERSION = 1;
				DEVELOPMENT_TEAM = QR6NCKN8AB;
				MARKETING_VERSION = 1.0;
				PRODUCT_BUNDLE_IDENTIFIER = "com.cghtest.Mini-Vending-Machine";
				PRODUCT_NAME = "$(TARGET_NAME)";
				SWIFT_VERSION = 5.0;
			};
			name = Debug;
		};
		DA73DD4927BBB87E00E117C3 /* Release */ = {
			isa = XCBuildConfiguration;
			buildSettings = {
				CODE_SIGN_STYLE = Automatic;
				CURRENT_PROJECT_VERSION = 1;
				DEVELOPMENT_TEAM = QR6NCKN8AB;
				MARKETING_VERSION = 1.0;
				PRODUCT_BUNDLE_IDENTIFIER = "com.cghtest.Mini-Vending-Machine";
				PRODUCT_NAME = "$(TARGET_NAME)";
				SWIFT_VERSION = 5.0;
			};
			name = Release;
		};
/* End XCBuildConfiguration section */

/* Begin XCConfigurationList section */
		DA73DD1A27BBB87D00E117C3 /* Build configuration list for PBXProject "Mini Vending Machine" */ = {
			isa = XCConfigurationList;
			buildConfigurations = (
				DA73DD3D27BBB87E00E117C3 /* Debug */,
				DA73DD3E27BBB87E00E117C3 /* Release */,
			);
			defaultConfigurationIsVisible = 0;
			defaultConfigurationName = Release;
		};
		DA73DD3F27BBB87E00E117C3 /* Build configuration list for PBXNativeTarget "Mini Vending Machine WatchKit Extension" */ = {
			isa = XCConfigurationList;
			buildConfigurations = (
				DA73DD4027BBB87E00E117C3 /* Debug */,
				DA73DD4127BBB87E00E117C3 /* Release */,
			);
			defaultConfigurationIsVisible = 0;
			defaultConfigurationName = Release;
		};
		DA73DD4327BBB87E00E117C3 /* Build configuration list for PBXNativeTarget "Mini Vending Machine WatchKit App" */ = {
			isa = XCConfigurationList;
			buildConfigurations = (
				DA73DD4427BBB87E00E117C3 /* Debug */,
				DA73DD4527BBB87E00E117C3 /* Release */,
			);
			defaultConfigurationIsVisible = 0;
			defaultConfigurationName = Release;
		};
		DA73DD4727BBB87E00E117C3 /* Build configuration list for PBXNativeTarget "Mini Vending Machine" */ = {
			isa = XCConfigurationList;
			buildConfigurations = (
				DA73DD4827BBB87E00E117C3 /* Debug */,
				DA73DD4927BBB87E00E117C3 /* Release */,
			);
			defaultConfigurationIsVisible = 0;
			defaultConfigurationName = Release;
		};
/* End XCConfigurationList section */
	};
	rootObject = DA73DD1727BBB87D00E117C3 /* Project object */;
}
